{
  "name": "protobridge-php",
  "version": "0.1.0",
  "lockfileVersion": 3,
  "requires": true,
  "packages": {
    "": {
      "name": "protobridge-php",
      "version": "0.1.0",
      "license": "MIT",
      "bin": {
        "protobridge-php": "bin/protobridge-php.js"
      },
      "engines": {
        "node": ">=20"
      }
    }
  }
}
